
Microsoft Visual Studio Solution File, Format Version 12.00
# Visual Studio Version 17
VisualStudioVersion = 17.2.32616.157
MinimumVisualStudioVersion = 10.0.40219.1
Project("{9A19103F-16F7-4668-BE54-9A1E7A4F7556}") = "testapinet6", "testapinet6.csproj", "{0F9789BD-4F41-405A-AFEA-B921F315FA72}"
EndProject
Global
	GlobalSection(SolutionConfigurationPlatforms) = preSolution
		Debug|Any CPU = Debug|Any CPU
		Release|Any CPU = Release|Any CPU
	EndGlobalSection
	GlobalSection(ProjectConfigurationPlatforms) = postSolution
		{0F9789BD-4F41-405A-AFEA-B921F315FA72}.Debug|Any CPU.ActiveCfg = Debug|Any CPU
		{0F9789BD-4F41-405A-AFEA-B921F315FA72}.Debug|Any CPU.Build.0 = Debug|Any CPU
		{0F9789BD-4F41-405A-AFEA-B921F315FA72}.Release|Any CPU.ActiveCfg = Release|Any CPU
		{0F9789BD-4F41-405A-AFEA-B921F315FA72}.Release|Any CPU.Build.0 = Release|Any CPU
	EndGlobalSection
	GlobalSection(SolutionProperties) = preSolution
		HideSolutionNode = FALSE
	EndGlobalSection
	GlobalSection(ExtensibilityGlobals) = postSolution
		SolutionGuid = {AB538BE4-70EB-44BD-9EE2-233DAF35C85A}
	EndGlobalSection
EndGlobal
